
Microsoft Visual Studio Solution File, Format Version 12.00
# Visual Studio Version 17
VisualStudioVersion = 17.8.34330.188
MinimumVisualStudioVersion = 10.0.40219.1
Project("{FAE04EC0-301F-11D3-BF4B-00C04F79EFBC}") = "ReportService", "ReportService\ReportService.csproj", "{584E0912-0199-49CB-8926-80A53CCD4213}"
EndProject
Project("{FAE04EC0-301F-11D3-BF4B-00C04F79EFBC}") = "EmailSender", "EmailSender\EmailSender.csproj", "{4E6BDADB-C1E0-4470-BEF9-4F0FD5A00803}"
EndProject
Project("{FAE04EC0-301F-11D3-BF4B-00C04F79EFBC}") = "ReportService.Core", "ReportService.Core\ReportService.Core.csproj", "{DE47425F-13DB-4B4F-B921-3D52889110B3}"
EndProject
Project("{FAE04EC0-301F-11D3-BF4B-00C04F79EFBC}") = "ReportServiceConsoleApp", "ReportServiceConsoleApp\ReportServiceConsoleApp.csproj", "{E52A1EE0-77CF-4105-8418-6E539429223A}"
EndProject
Project("{FAE04EC0-301F-11D3-BF4B-00C04F79EFBC}") = "Cipher", "Cipher\Cipher.csproj", "{8F3093A9-B9EC-495C-A1FD-8397A02FCFF7}"
EndProject
Global
	GlobalSection(SolutionConfigurationPlatforms) = preSolution
		Debug|Any CPU = Debug|Any CPU
		Release|Any CPU = Release|Any CPU
	EndGlobalSection
	GlobalSection(ProjectConfigurationPlatforms) = postSolution
		{584E0912-0199-49CB-8926-80A53CCD4213}.Debug|Any CPU.ActiveCfg = Debug|Any CPU
		{584E0912-0199-49CB-8926-80A53CCD4213}.Debug|Any CPU.Build.0 = Debug|Any CPU
		{584E0912-0199-49CB-8926-80A53CCD4213}.Release|Any CPU.ActiveCfg = Release|Any CPU
		{584E0912-0199-49CB-8926-80A53CCD4213}.Release|Any CPU.Build.0 = Release|Any CPU
		{4E6BDADB-C1E0-4470-BEF9-4F0FD5A00803}.Debug|Any CPU.ActiveCfg = Debug|Any CPU
		{4E6BDADB-C1E0-4470-BEF9-4F0FD5A00803}.Debug|Any CPU.Build.0 = Debug|Any CPU
		{4E6BDADB-C1E0-4470-BEF9-4F0FD5A00803}.Release|Any CPU.ActiveCfg = Release|Any CPU
		{4E6BDADB-C1E0-4470-BEF9-4F0FD5A00803}.Release|Any CPU.Build.0 = Release|Any CPU
		{DE47425F-13DB-4B4F-B921-3D52889110B3}.Debug|Any CPU.ActiveCfg = Debug|Any CPU
		{DE47425F-13DB-4B4F-B921-3D52889110B3}.Debug|Any CPU.Build.0 = Debug|Any CPU
		{DE47425F-13DB-4B4F-B921-3D52889110B3}.Release|Any CPU.ActiveCfg = Release|Any CPU
		{DE47425F-13DB-4B4F-B921-3D52889110B3}.Release|Any CPU.Build.0 = Release|Any CPU
		{E52A1EE0-77CF-4105-8418-6E539429223A}.Debug|Any CPU.ActiveCfg = Debug|Any CPU
		{E52A1EE0-77CF-4105-8418-6E539429223A}.Debug|Any CPU.Build.0 = Debug|Any CPU
		{E52A1EE0-77CF-4105-8418-6E539429223A}.Release|Any CPU.ActiveCfg = Release|Any CPU
		{E52A1EE0-77CF-4105-8418-6E539429223A}.Release|Any CPU.Build.0 = Release|Any CPU
		{8F3093A9-B9EC-495C-A1FD-8397A02FCFF7}.Debug|Any CPU.ActiveCfg = Debug|Any CPU
		{8F3093A9-B9EC-495C-A1FD-8397A02FCFF7}.Debug|Any CPU.Build.0 = Debug|Any CPU
		{8F3093A9-B9EC-495C-A1FD-8397A02FCFF7}.Release|Any CPU.ActiveCfg = Release|Any CPU
		{8F3093A9-B9EC-495C-A1FD-8397A02FCFF7}.Release|Any CPU.Build.0 = Release|Any CPU
	EndGlobalSection
	GlobalSection(SolutionProperties) = preSolution
		HideSolutionNode = FALSE
	EndGlobalSection
	GlobalSection(ExtensibilityGlobals) = postSolution
		SolutionGuid = {B57F9F49-7543-4018-AD19-024EEF9401E6}
	EndGlobalSection
EndGlobal
